
Microsoft Visual Studio Solution File, Format Version 12.00
# Visual Studio Version 16
VisualStudioVersion = 16.0.31829.152
MinimumVisualStudioVersion = 10.0.40219.1
Project("{FAE04EC0-301F-11D3-BF4B-00C04F79EFBC}") = "31sj", "31sj\31sj.csproj", "{5119BECE-414B-4AA2-8C61-53592B50A9CA}"
EndProject
Global
	GlobalSection(SolutionConfigurationPlatforms) = preSolution
		Debug|Any CPU = Debug|Any CPU
		Release|Any CPU = Release|Any CPU
	EndGlobalSection
	GlobalSection(ProjectConfigurationPlatforms) = postSolution
		{5119BECE-414B-4AA2-8C61-53592B50A9CA}.Debug|Any CPU.ActiveCfg = Debug|Any CPU
		{5119BECE-414B-4AA2-8C61-53592B50A9CA}.Debug|Any CPU.Build.0 = Debug|Any CPU
		{5119BECE-414B-4AA2-8C61-53592B50A9CA}.Release|Any CPU.ActiveCfg = Release|Any CPU
		{5119BECE-414B-4AA2-8C61-53592B50A9CA}.Release|Any CPU.Build.0 = Release|Any CPU
	EndGlobalSection
	GlobalSection(SolutionProperties) = preSolution
		HideSolutionNode = FALSE
	EndGlobalSection
	GlobalSection(ExtensibilityGlobals) = postSolution
		SolutionGuid = {C69BFA8F-2D51-4135-ACB6-091C3300E6D9}
	EndGlobalSection
EndGlobal
